
Microsoft Visual Studio Solution File, Format Version 12.00
# Visual Studio Version 16
VisualStudioVersion = 16.0.30413.136
MinimumVisualStudioVersion = 10.0.40219.1
Project("{FAE04EC0-301F-11D3-BF4B-00C04F79EFBC}") = "CoinPrice.Api", "CoinPrice.Api\CoinPrice.Api.csproj", "{6A1A4FBB-3210-46C8-9931-65EB778AA768}"
EndProject
Project("{E53339B2-1760-4266-BCC7-CA923CBCF16C}") = "docker-compose", "docker-compose.dcproj", "{5D8EBC5D-658A-4B1E-ABA1-FD66734799EE}"
EndProject
Global
	GlobalSection(SolutionConfigurationPlatforms) = preSolution
		Debug|Any CPU = Debug|Any CPU
		Release|Any CPU = Release|Any CPU
	EndGlobalSection
	GlobalSection(ProjectConfigurationPlatforms) = postSolution
		{6A1A4FBB-3210-46C8-9931-65EB778AA768}.Debug|Any CPU.ActiveCfg = Debug|Any CPU
		{6A1A4FBB-3210-46C8-9931-65EB778AA768}.Debug|Any CPU.Build.0 = Debug|Any CPU
		{6A1A4FBB-3210-46C8-9931-65EB778AA768}.Release|Any CPU.ActiveCfg = Release|Any CPU
		{6A1A4FBB-3210-46C8-9931-65EB778AA768}.Release|Any CPU.Build.0 = Release|Any CPU
		{5D8EBC5D-658A-4B1E-ABA1-FD66734799EE}.Debug|Any CPU.ActiveCfg = Debug|Any CPU
		{5D8EBC5D-658A-4B1E-ABA1-FD66734799EE}.Debug|Any CPU.Build.0 = Debug|Any CPU
		{5D8EBC5D-658A-4B1E-ABA1-FD66734799EE}.Release|Any CPU.ActiveCfg = Release|Any CPU
		{5D8EBC5D-658A-4B1E-ABA1-FD66734799EE}.Release|Any CPU.Build.0 = Release|Any CPU
	EndGlobalSection
	GlobalSection(SolutionProperties) = preSolution
		HideSolutionNode = FALSE
	EndGlobalSection
	GlobalSection(ExtensibilityGlobals) = postSolution
		SolutionGuid = {6C3256F1-6483-49F5-8250-B88FDA1FF347}
	EndGlobalSection
EndGlobal
